
Microsoft Visual Studio Solution File, Format Version 12.00
# Visual Studio Version 17
VisualStudioVersion = 17.5.33516.290
MinimumVisualStudioVersion = 10.0.40219.1
Project("{9A19103F-16F7-4668-BE54-9A1E7A4F7556}") = "Fix_pedestrain_garbage", "Fix_pedestrain_garbage\Fix_pedestrain_garbage.csproj", "{5D9A5ED7-4E3F-4E85-BE70-56A6C47CEF89}"
EndProject
Global
	GlobalSection(SolutionConfigurationPlatforms) = preSolution
		Debug|Any CPU = Debug|Any CPU
		Release|Any CPU = Release|Any CPU
	EndGlobalSection
	GlobalSection(ProjectConfigurationPlatforms) = postSolution
		{5D9A5ED7-4E3F-4E85-BE70-56A6C47CEF89}.Debug|Any CPU.ActiveCfg = Debug|Any CPU
		{5D9A5ED7-4E3F-4E85-BE70-56A6C47CEF89}.Debug|Any CPU.Build.0 = Debug|Any CPU
		{5D9A5ED7-4E3F-4E85-BE70-56A6C47CEF89}.Release|Any CPU.ActiveCfg = Release|Any CPU
		{5D9A5ED7-4E3F-4E85-BE70-56A6C47CEF89}.Release|Any CPU.Build.0 = Release|Any CPU
	EndGlobalSection
	GlobalSection(SolutionProperties) = preSolution
		HideSolutionNode = FALSE
	EndGlobalSection
	GlobalSection(ExtensibilityGlobals) = postSolution
		SolutionGuid = {CCB63BEE-ECC1-4A37-B0C5-3FF53C51112E}
	EndGlobalSection
EndGlobal
